
Microsoft Visual Studio Solution File, Format Version 12.00
Project("{2150E333-8FDC-42A3-9474-1A3956D46DE8}") = "Packages", "Packages", "{EB59F644-8EDD-42B7-B27B-C0C000A775A5}"
EndProject
Project("{FAE04EC0-301F-11D3-BF4B-00C04F79EFBC}") = "Payeh.SharedKernel", "Payeh.SharedKernel\Payeh.SharedKernel.csproj", "{29D10616-4018-4818-B4B3-E5CD824F7A05}"
EndProject
Global
	GlobalSection(SolutionConfigurationPlatforms) = preSolution
		Debug|Any CPU = Debug|Any CPU
		Release|Any CPU = Release|Any CPU
	EndGlobalSection
	GlobalSection(ProjectConfigurationPlatforms) = postSolution
		{29D10616-4018-4818-B4B3-E5CD824F7A05}.Debug|Any CPU.ActiveCfg = Debug|Any CPU
		{29D10616-4018-4818-B4B3-E5CD824F7A05}.Debug|Any CPU.Build.0 = Debug|Any CPU
		{29D10616-4018-4818-B4B3-E5CD824F7A05}.Release|Any CPU.ActiveCfg = Release|Any CPU
		{29D10616-4018-4818-B4B3-E5CD824F7A05}.Release|Any CPU.Build.0 = Release|Any CPU
	EndGlobalSection
	GlobalSection(NestedProjects) = preSolution
		{29D10616-4018-4818-B4B3-E5CD824F7A05} = {EB59F644-8EDD-42B7-B27B-C0C000A775A5}
	EndGlobalSection
EndGlobal
