
Microsoft Visual Studio Solution File, Format Version 12.00
Project("{2150E333-8FDC-42A3-9474-1A3956D46DE8}") = "Packages", "Packages", "{EB59F644-8EDD-42B7-B27B-C0C000A775A5}"
EndProject
Project("{2150E333-8FDC-42A3-9474-1A3956D46DE8}") = "Mediator", "Mediator", "{7BD8B604-65A6-4A12-A734-31631918D2FB}"
EndProject
Project("{FAE04EC0-301F-11D3-BF4B-00C04F79EFBC}") = "Payeh.Mediator.Abstractions", "Packages\Mediator\Payeh.Mediator.Abstractions\Payeh.Mediator.Abstractions.csproj", "{ADC69F3C-0DD1-4F59-A0E6-9C9DA046ADE6}"
EndProject
Project("{FAE04EC0-301F-11D3-BF4B-00C04F79EFBC}") = "Payeh.Mediator", "Packages\Mediator\Payeh.Mediator\Payeh.Mediator.csproj", "{95445B10-FD49-4531-88BA-D575E6F7802C}"
EndProject
Project("{2150E333-8FDC-42A3-9474-1A3956D46DE8}") = "Src", "Src", "{158C4096-D2C0-45A0-B282-042C89F04A98}"
EndProject
Project("{2150E333-8FDC-42A3-9474-1A3956D46DE8}") = "Tests", "Tests", "{D45F628A-A31F-4B14-B283-991A8250A9D6}"
EndProject
Project("{FAE04EC0-301F-11D3-BF4B-00C04F79EFBC}") = "Payeh.Mediator.Tests", "Packages\Mediator\Payeh.Mediator.Tests\Payeh.Mediator.Tests.csproj", "{7FB42B90-E319-4E03-8C41-83AD26DA4CFF}"
EndProject
Project("{2150E333-8FDC-42A3-9474-1A3956D46DE8}") = "Core", "Core", "{65EFD0F5-68A7-4087-B8C1-23E26E4970B3}"
EndProject
Project("{2150E333-8FDC-42A3-9474-1A3956D46DE8}") = "Src", "Src", "{EA4A96AE-C22D-444C-9928-E1C184E08A66}"
EndProject
Project("{2150E333-8FDC-42A3-9474-1A3956D46DE8}") = "Tests", "Tests", "{0C355BC1-0BB3-41AB-B60B-14E962D2C0A1}"
EndProject
Project("{2150E333-8FDC-42A3-9474-1A3956D46DE8}") = "Result", "Result", "{9AC9D37D-986E-4F5E-811C-AA4A699E1BB7}"
EndProject
Project("{FAE04EC0-301F-11D3-BF4B-00C04F79EFBC}") = "Payeh.Result", "Packages\Result\Payeh.Result\Payeh.Result.csproj", "{09E0C673-D497-436D-9381-9D9EF9D0657A}"
EndProject
Project("{2150E333-8FDC-42A3-9474-1A3956D46DE8}") = "Src", "Src", "{68BDF6C8-828C-47E9-B2D2-56CF3297FC48}"
EndProject
Project("{2150E333-8FDC-42A3-9474-1A3956D46DE8}") = "Tests", "Tests", "{B2DB79F8-D6D8-46DF-AF3E-088111DE8020}"
EndProject
Project("{FAE04EC0-301F-11D3-BF4B-00C04F79EFBC}") = "Payeh.Result.Tests", "Packages\Result\Payeh.Result.Tests\Payeh.Result.Tests.csproj", "{5790B393-353F-45B1-A7B8-3091100D8A83}"
EndProject
Project("{FAE04EC0-301F-11D3-BF4B-00C04F79EFBC}") = "Payeh.Core", "Packages\Core\Payeh.Core\Payeh.Core.csproj", "{F98E7472-17A0-4C4E-948C-6EF1C89404A8}"
EndProject
Project("{2150E333-8FDC-42A3-9474-1A3956D46DE8}") = "FluentQuery", "FluentQuery", "{500886AB-D8BC-4748-B782-A21DBAFCBE44}"
EndProject
Project("{FAE04EC0-301F-11D3-BF4B-00C04F79EFBC}") = "Payeh.FluentQuery", "Packages\FluentQuery\Payeh.FluentQuery\Payeh.FluentQuery.csproj", "{1DA8F967-2D5D-47BB-B301-900EBEAF2017}"
EndProject
Project("{2150E333-8FDC-42A3-9474-1A3956D46DE8}") = "Src", "Src", "{F1116CE5-A518-4D0D-B381-823E3C4C3C6B}"
EndProject
Project("{FAE04EC0-301F-11D3-BF4B-00C04F79EFBC}") = "Payeh.FluentQuery.EntityFrameworkCore", "Packages\FluentQuery\Payeh.FluentQuery.EntityFrameworkCore\Payeh.FluentQuery.EntityFrameworkCore.csproj", "{5FF83632-51DC-47A2-A1EF-4539C3645945}"
EndProject
Project("{2150E333-8FDC-42A3-9474-1A3956D46DE8}") = "Tests", "Tests", "{F93C4987-1129-4F67-9924-08E5310C6C09}"
EndProject
Project("{FAE04EC0-301F-11D3-BF4B-00C04F79EFBC}") = "Paye.FluentQuery.Tests", "Packages\FluentQuery\Paye.FluentQuery.Tests\Paye.FluentQuery.Tests.csproj", "{B244B829-A401-4112-83D3-F6ADCDA28748}"
EndProject
Global
	GlobalSection(SolutionConfigurationPlatforms) = preSolution
		Debug|Any CPU = Debug|Any CPU
		Release|Any CPU = Release|Any CPU
	EndGlobalSection
	GlobalSection(ProjectConfigurationPlatforms) = postSolution
		{ADC69F3C-0DD1-4F59-A0E6-9C9DA046ADE6}.Debug|Any CPU.ActiveCfg = Debug|Any CPU
		{ADC69F3C-0DD1-4F59-A0E6-9C9DA046ADE6}.Debug|Any CPU.Build.0 = Debug|Any CPU
		{ADC69F3C-0DD1-4F59-A0E6-9C9DA046ADE6}.Release|Any CPU.ActiveCfg = Release|Any CPU
		{ADC69F3C-0DD1-4F59-A0E6-9C9DA046ADE6}.Release|Any CPU.Build.0 = Release|Any CPU
		{95445B10-FD49-4531-88BA-D575E6F7802C}.Debug|Any CPU.ActiveCfg = Debug|Any CPU
		{95445B10-FD49-4531-88BA-D575E6F7802C}.Debug|Any CPU.Build.0 = Debug|Any CPU
		{95445B10-FD49-4531-88BA-D575E6F7802C}.Release|Any CPU.ActiveCfg = Release|Any CPU
		{95445B10-FD49-4531-88BA-D575E6F7802C}.Release|Any CPU.Build.0 = Release|Any CPU
		{7FB42B90-E319-4E03-8C41-83AD26DA4CFF}.Debug|Any CPU.ActiveCfg = Debug|Any CPU
		{7FB42B90-E319-4E03-8C41-83AD26DA4CFF}.Debug|Any CPU.Build.0 = Debug|Any CPU
		{7FB42B90-E319-4E03-8C41-83AD26DA4CFF}.Release|Any CPU.ActiveCfg = Release|Any CPU
		{7FB42B90-E319-4E03-8C41-83AD26DA4CFF}.Release|Any CPU.Build.0 = Release|Any CPU
		{09E0C673-D497-436D-9381-9D9EF9D0657A}.Debug|Any CPU.ActiveCfg = Debug|Any CPU
		{09E0C673-D497-436D-9381-9D9EF9D0657A}.Debug|Any CPU.Build.0 = Debug|Any CPU
		{09E0C673-D497-436D-9381-9D9EF9D0657A}.Release|Any CPU.ActiveCfg = Release|Any CPU
		{09E0C673-D497-436D-9381-9D9EF9D0657A}.Release|Any CPU.Build.0 = Release|Any CPU
		{5790B393-353F-45B1-A7B8-3091100D8A83}.Debug|Any CPU.ActiveCfg = Debug|Any CPU
		{5790B393-353F-45B1-A7B8-3091100D8A83}.Debug|Any CPU.Build.0 = Debug|Any CPU
		{5790B393-353F-45B1-A7B8-3091100D8A83}.Release|Any CPU.ActiveCfg = Release|Any CPU
		{5790B393-353F-45B1-A7B8-3091100D8A83}.Release|Any CPU.Build.0 = Release|Any CPU
		{F98E7472-17A0-4C4E-948C-6EF1C89404A8}.Debug|Any CPU.ActiveCfg = Debug|Any CPU
		{F98E7472-17A0-4C4E-948C-6EF1C89404A8}.Debug|Any CPU.Build.0 = Debug|Any CPU
		{F98E7472-17A0-4C4E-948C-6EF1C89404A8}.Release|Any CPU.ActiveCfg = Release|Any CPU
		{F98E7472-17A0-4C4E-948C-6EF1C89404A8}.Release|Any CPU.Build.0 = Release|Any CPU
		{1DA8F967-2D5D-47BB-B301-900EBEAF2017}.Debug|Any CPU.ActiveCfg = Debug|Any CPU
		{1DA8F967-2D5D-47BB-B301-900EBEAF2017}.Debug|Any CPU.Build.0 = Debug|Any CPU
		{1DA8F967-2D5D-47BB-B301-900EBEAF2017}.Release|Any CPU.ActiveCfg = Release|Any CPU
		{1DA8F967-2D5D-47BB-B301-900EBEAF2017}.Release|Any CPU.Build.0 = Release|Any CPU
		{5FF83632-51DC-47A2-A1EF-4539C3645945}.Debug|Any CPU.ActiveCfg = Debug|Any CPU
		{5FF83632-51DC-47A2-A1EF-4539C3645945}.Debug|Any CPU.Build.0 = Debug|Any CPU
		{5FF83632-51DC-47A2-A1EF-4539C3645945}.Release|Any CPU.ActiveCfg = Release|Any CPU
		{5FF83632-51DC-47A2-A1EF-4539C3645945}.Release|Any CPU.Build.0 = Release|Any CPU
		{B244B829-A401-4112-83D3-F6ADCDA28748}.Debug|Any CPU.ActiveCfg = Debug|Any CPU
		{B244B829-A401-4112-83D3-F6ADCDA28748}.Debug|Any CPU.Build.0 = Debug|Any CPU
		{B244B829-A401-4112-83D3-F6ADCDA28748}.Release|Any CPU.ActiveCfg = Release|Any CPU
		{B244B829-A401-4112-83D3-F6ADCDA28748}.Release|Any CPU.Build.0 = Release|Any CPU
	EndGlobalSection
	GlobalSection(NestedProjects) = preSolution
		{7BD8B604-65A6-4A12-A734-31631918D2FB} = {EB59F644-8EDD-42B7-B27B-C0C000A775A5}
		{158C4096-D2C0-45A0-B282-042C89F04A98} = {7BD8B604-65A6-4A12-A734-31631918D2FB}
		{95445B10-FD49-4531-88BA-D575E6F7802C} = {158C4096-D2C0-45A0-B282-042C89F04A98}
		{ADC69F3C-0DD1-4F59-A0E6-9C9DA046ADE6} = {158C4096-D2C0-45A0-B282-042C89F04A98}
		{D45F628A-A31F-4B14-B283-991A8250A9D6} = {7BD8B604-65A6-4A12-A734-31631918D2FB}
		{7FB42B90-E319-4E03-8C41-83AD26DA4CFF} = {D45F628A-A31F-4B14-B283-991A8250A9D6}
		{65EFD0F5-68A7-4087-B8C1-23E26E4970B3} = {EB59F644-8EDD-42B7-B27B-C0C000A775A5}
		{EA4A96AE-C22D-444C-9928-E1C184E08A66} = {65EFD0F5-68A7-4087-B8C1-23E26E4970B3}
		{0C355BC1-0BB3-41AB-B60B-14E962D2C0A1} = {65EFD0F5-68A7-4087-B8C1-23E26E4970B3}
		{9AC9D37D-986E-4F5E-811C-AA4A699E1BB7} = {EB59F644-8EDD-42B7-B27B-C0C000A775A5}
		{68BDF6C8-828C-47E9-B2D2-56CF3297FC48} = {9AC9D37D-986E-4F5E-811C-AA4A699E1BB7}
		{09E0C673-D497-436D-9381-9D9EF9D0657A} = {68BDF6C8-828C-47E9-B2D2-56CF3297FC48}
		{B2DB79F8-D6D8-46DF-AF3E-088111DE8020} = {9AC9D37D-986E-4F5E-811C-AA4A699E1BB7}
		{5790B393-353F-45B1-A7B8-3091100D8A83} = {B2DB79F8-D6D8-46DF-AF3E-088111DE8020}
		{F98E7472-17A0-4C4E-948C-6EF1C89404A8} = {EA4A96AE-C22D-444C-9928-E1C184E08A66}
		{500886AB-D8BC-4748-B782-A21DBAFCBE44} = {EB59F644-8EDD-42B7-B27B-C0C000A775A5}
		{F1116CE5-A518-4D0D-B381-823E3C4C3C6B} = {500886AB-D8BC-4748-B782-A21DBAFCBE44}
		{1DA8F967-2D5D-47BB-B301-900EBEAF2017} = {F1116CE5-A518-4D0D-B381-823E3C4C3C6B}
		{5FF83632-51DC-47A2-A1EF-4539C3645945} = {F1116CE5-A518-4D0D-B381-823E3C4C3C6B}
		{F93C4987-1129-4F67-9924-08E5310C6C09} = {500886AB-D8BC-4748-B782-A21DBAFCBE44}
		{B244B829-A401-4112-83D3-F6ADCDA28748} = {F93C4987-1129-4F67-9924-08E5310C6C09}
	EndGlobalSection
EndGlobal
